
Microsoft Visual Studio Solution File, Format Version 12.00
# Visual Studio 15
VisualStudioVersion = 15.0.27428.2037
MinimumVisualStudioVersion = 10.0.40219.1
Project("{8BC9CEB8-8B4A-11D0-8D11-00A0C91BC942}") = "MinimumSample", "MinimumSample\MinimumSample.vcxproj", "{12FF5C09-2B4B-4597-88EA-EFE07D423CCD}"
EndProject
Project("{8BC9CEB8-8B4A-11D0-8D11-00A0C91BC942}") = "FunctionDeclarationDefinition", "FunctionDeclarationDefinition\FunctionDeclarationDefinition.vcxproj", "{BD217199-BD39-4943-93F3-2430B46A8EFB}"
EndProject
Project("{8BC9CEB8-8B4A-11D0-8D11-00A0C91BC942}") = "ConditionalExpressions", "ConditionalExpressions\ConditionalExpressions.vcxproj", "{CB14365C-7405-456C-B6A2-BA1078D09D77}"
EndProject
Project("{8BC9CEB8-8B4A-11D0-8D11-00A0C91BC942}") = "SwitchStatement", "SwitchStatement\SwitchStatement.vcxproj", "{0FD62B1C-BDB1-4406-A817-05B55877D38E}"
EndProject
Project("{8BC9CEB8-8B4A-11D0-8D11-00A0C91BC942}") = "ForStatement", "ForStatement\ForStatement.vcxproj", "{2DD55252-ACE9-4716-A2E6-F6FEA865606C}"
EndProject
Project("{8BC9CEB8-8B4A-11D0-8D11-00A0C91BC942}") = "PrimeDecision", "PrimeDecision\PrimeDecision.vcxproj", "{F6AA8FDF-EC0C-4D51-BADB-D0D634974D59}"
EndProject
Project("{8BC9CEB8-8B4A-11D0-8D11-00A0C91BC942}") = "StreamStates", "StreamStates\StreamStates.vcxproj", "{524FCBDE-2DC1-40FF-B031-C9FE26998CC4}"
EndProject
Project("{8BC9CEB8-8B4A-11D0-8D11-00A0C91BC942}") = "FileStreams", "FileStreams\FileStreams.vcxproj", "{AF7E4204-8E09-4176-9221-9C8EC394C3B4}"
EndProject
Project("{8BC9CEB8-8B4A-11D0-8D11-00A0C91BC942}") = "HundredMoneyHundreChicken", "HundredMoneyHundreChicken\HundredMoneyHundreChicken.vcxproj", "{AFD84480-7CD3-431F-8B9B-E65844EFADB2}"
EndProject
Project("{8BC9CEB8-8B4A-11D0-8D11-00A0C91BC942}") = "ProgressionApproximation", "ProgressionApproximation\ProgressionApproximation.vcxproj", "{3F5FB122-4A1D-48C2-94D6-D67FE75B7E83}"
EndProject
Project("{8BC9CEB8-8B4A-11D0-8D11-00A0C91BC942}") = "DataType", "DataType\DataType.vcxproj", "{375ADC46-638E-4133-BEF4-C1D71DBB90ED}"
EndProject
Project("{8BC9CEB8-8B4A-11D0-8D11-00A0C91BC942}") = "StringType", "StringType\StringType.vcxproj", "{42B30697-6B6E-4354-B8D4-20E458508209}"
EndProject
Project("{8BC9CEB8-8B4A-11D0-8D11-00A0C91BC942}") = "PointersAndReferences", "PointersAndReferences\PointersAndReferences.vcxproj", "{B64E03E5-9F9A-486B-A3B7-4C9670AA513D}"
EndProject
Project("{8BC9CEB8-8B4A-11D0-8D11-00A0C91BC942}") = "ArraysType", "ArraysType\ArraysType.vcxproj", "{EDDAC58A-4468-40CF-9A9F-B68082C7475E}"
EndProject
Project("{8BC9CEB8-8B4A-11D0-8D11-00A0C91BC942}") = "VectorsType", "VectorsType\VectorsType.vcxproj", "{D5893B97-9D98-42AA-8555-CEFFCC56D8D7}"
EndProject
Project("{8BC9CEB8-8B4A-11D0-8D11-00A0C91BC942}") = "ComputationExpressing", "ComputationExpressing\ComputationExpressing.vcxproj", "{2F63352B-4434-477C-BB8C-A6C487CD476A}"
EndProject
Project("{8BC9CEB8-8B4A-11D0-8D11-00A0C91BC942}") = "AAAAReadMe", "AAAAReadMe\AAAAReadMe.vcxproj", "{6576EE01-F4C5-47C8-97A3-C865F4730D6C}"
EndProject
Project("{8BC9CEB8-8B4A-11D0-8D11-00A0C91BC942}") = "VectorsParameterTransmission", "VectorsParameterTransmission\VectorsParameterTransmission.vcxproj", "{48367459-2EF8-4BE5-B78E-4ECF6A674E69}"
EndProject
Project("{8BC9CEB8-8B4A-11D0-8D11-00A0C91BC942}") = "FunctionSideEffect", "FunctionSideEffect\FunctionSideEffect.vcxproj", "{F624125F-34E5-43BD-987C-85A09E8A3707}"
EndProject
Project("{8BC9CEB8-8B4A-11D0-8D11-00A0C91BC942}") = "FunctionSideEffectTwo", "FunctionSideEffectTwo\FunctionSideEffectTwo.vcxproj", "{BE653334-86CD-4369-AC5C-CB8887716F1B}"
EndProject
Project("{8BC9CEB8-8B4A-11D0-8D11-00A0C91BC942}") = "PointersForcibleAccess", "PointersForcibleAccess\PointersForcibleAccess.vcxproj", "{6636EBE0-F217-466B-B5C1-5D10A6535682}"
EndProject
Project("{8BC9CEB8-8B4A-11D0-8D11-00A0C91BC942}") = "FunctionPointers", "FunctionPointers\FunctionPointers.vcxproj", "{6AE4BD69-7B91-4956-962A-7734D5FCF3AA}"
EndProject
Project("{8BC9CEB8-8B4A-11D0-8D11-00A0C91BC942}") = "FunctionPointerParameters", "FunctionPointerParameters\FunctionPointerParameters.vcxproj", "{3217D7BE-51C2-44D1-B55C-0BA227A7FCD7}"
EndProject
Project("{8BC9CEB8-8B4A-11D0-8D11-00A0C91BC942}") = "FunctionPointerArrays", "FunctionPointerArrays\FunctionPointerArrays.vcxproj", "{DD63AA5C-C191-49E1-B6A4-CF3627033727}"
EndProject
Project("{8BC9CEB8-8B4A-11D0-8D11-00A0C91BC942}") = "FunctionPointerVectors", "FunctionPointerVectors\FunctionPointerVectors.vcxproj", "{A1F957AC-0016-4202-A61A-2663A1283B58}"
EndProject
Project("{8BC9CEB8-8B4A-11D0-8D11-00A0C91BC942}") = "InlineFunctions", "InlineFunctions\InlineFunctions.vcxproj", "{54731E38-6F1B-494E-B540-AEDE3FAEDC34}"
EndProject
Project("{8BC9CEB8-8B4A-11D0-8D11-00A0C91BC942}") = "InlineFunctionsTwo", "InlineFunctionsTwo\InlineFunctionsTwo.vcxproj", "{200B6408-2BD5-4C0F-BE2D-E513AC351779}"
EndProject
Project("{8BC9CEB8-8B4A-11D0-8D11-00A0C91BC942}") = "InlineFunctionsPerformanceTesting", "InlineFunctionsPerformanceTesting\InlineFunctionsPerformanceTesting.vcxproj", "{A3459FC8-C132-4049-84A0-12835351F8FF}"
EndProject
Project("{8BC9CEB8-8B4A-11D0-8D11-00A0C91BC942}") = "Structure", "Structure\Structure.vcxproj", "{1192E2FE-4208-4ADA-8359-112D5DD2A55E}"
EndProject
Project("{8BC9CEB8-8B4A-11D0-8D11-00A0C91BC942}") = "ClassesAndStructure", "ClassesAndStructure\ClassesAndStructure.vcxproj", "{5B3B01AD-DC75-41F0-B1CE-E1729BDD5B3B}"
EndProject
Project("{8BC9CEB8-8B4A-11D0-8D11-00A0C91BC942}") = "UsingObjectPointer", "UsingObjectPointer\UsingObjectPointer.vcxproj", "{77C2D143-E2EB-4413-A2E2-10E84F612C13}"
EndProject
Project("{8BC9CEB8-8B4A-11D0-8D11-00A0C91BC942}") = "ConstMemberFunctions", "ConstMemberFunctions\ConstMemberFunctions.vcxproj", "{42FDB981-9791-4BA5-8F62-0599718F1C74}"
EndProject
Project("{8BC9CEB8-8B4A-11D0-8D11-00A0C91BC942}") = "OperatorReload", "OperatorReload\OperatorReload.vcxproj", "{6F56A076-F7D8-4E65-84CF-C58AFDAEDBA3}"
EndProject
Project("{8BC9CEB8-8B4A-11D0-8D11-00A0C91BC942}") = "PlusPlus", "PlusPlus\PlusPlus.vcxproj", "{B279EF35-C291-4C98-9CB1-2B083A23E3CB}"
EndProject
Project("{8BC9CEB8-8B4A-11D0-8D11-00A0C91BC942}") = "MemberOperators", "MemberOperators\MemberOperators.vcxproj", "{F15D7984-D651-475B-9BC2-112577B127B0}"
EndProject
Project("{2150E333-8FDC-42A3-9474-1A3956D46DE8}") = "LinkedList", "LinkedList", "{19D4CC99-1801-4389-AFEA-741D9306F66F}"
EndProject
Project("{8BC9CEB8-8B4A-11D0-8D11-00A0C91BC942}") = "Messaging", "Messaging\Messaging.vcxproj", "{35012F25-4346-40E9-A0B5-80A0E5FE3112}"
EndProject
Project("{8BC9CEB8-8B4A-11D0-8D11-00A0C91BC942}") = "Generic", "Generic\Generic.vcxproj", "{14CDCF54-D0A8-41F2-B725-936171334894}"
EndProject
Project("{8BC9CEB8-8B4A-11D0-8D11-00A0C91BC942}") = "OnewayLinkedList", "OnewayLinkedList\OnewayLinkedList.vcxproj", "{7302C10F-CADB-4D2F-B3A3-5B38B30AB818}"
EndProject
Project("{8BC9CEB8-8B4A-11D0-8D11-00A0C91BC942}") = "TwowayLinkedList", "TwowayLinkedList\TwowayLinkedList.vcxproj", "{8159B078-29F0-4AE3-9D4D-5D4A266EDF10}"
EndProject
Project("{8BC9CEB8-8B4A-11D0-8D11-00A0C91BC942}") = "LoopLinkedList", "LoopLinkedList\LoopLinkedList.vcxproj", "{1FCA5CAC-C5AE-4234-BCBE-46758FC6AE8F}"
EndProject
Project("{8BC9CEB8-8B4A-11D0-8D11-00A0C91BC942}") = "SkipLinkedList", "SkipLinkedList\SkipLinkedList.vcxproj", "{2F5BD37A-7A41-4747-AD20-4BEAA8A221C4}"
EndProject
Project("{8BC9CEB8-8B4A-11D0-8D11-00A0C91BC942}") = "SelfOrganizedLinkedList", "SelfOrganizedLinkedList\SelfOrganizedLinkedList.vcxproj", "{B75AE480-F750-427F-898E-D2092EE3492A}"
EndProject
Project("{8BC9CEB8-8B4A-11D0-8D11-00A0C91BC942}") = "SparseTable", "SparseTable\SparseTable.vcxproj", "{E874D449-B8A1-4AB3-91F7-3CB8F0107C9E}"
EndProject
Project("{2150E333-8FDC-42A3-9474-1A3956D46DE8}") = "StackAndQueue", "StackAndQueue", "{A47F1618-7F5A-4A2F-99EF-F7C383223949}"
EndProject
Project("{2150E333-8FDC-42A3-9474-1A3956D46DE8}") = "Recursion", "Recursion", "{93AFBD1C-E6E9-4E8D-B784-A2CCB9913169}"
EndProject
Project("{2150E333-8FDC-42A3-9474-1A3956D46DE8}") = "BinaryTree", "BinaryTree", "{65E48508-5AF8-4071-B2EA-4FE23293EA88}"
EndProject
Project("{2150E333-8FDC-42A3-9474-1A3956D46DE8}") = "MulitipleTree", "MulitipleTree", "{5509D6A8-2315-40A0-879D-DAE7BAC11B9B}"
EndProject
Project("{2150E333-8FDC-42A3-9474-1A3956D46DE8}") = "Graph", "Graph", "{4E3E127B-8B08-4235-A379-86C9949061E9}"
EndProject
Project("{2150E333-8FDC-42A3-9474-1A3956D46DE8}") = "Sort", "Sort", "{74DEC101-7BA9-47B7-B25C-74ED696384C8}"
EndProject
Project("{2150E333-8FDC-42A3-9474-1A3956D46DE8}") = "Hash", "Hash", "{74408FBB-6BE6-4F2E-920D-08BB791E45CC}"
EndProject
Project("{2150E333-8FDC-42A3-9474-1A3956D46DE8}") = "DataCompression", "DataCompression", "{A49752B9-19FA-4FB4-B7FE-7B15B5F4271C}"
EndProject
Project("{2150E333-8FDC-42A3-9474-1A3956D46DE8}") = "SringMatching", "SringMatching", "{5874A3B7-9A40-4225-8178-F8D2B71883E1}"
EndProject
Project("{8BC9CEB8-8B4A-11D0-8D11-00A0C91BC942}") = "LinkedListReadMe", "LinkedListReadMe\LinkedListReadMe.vcxproj", "{5F0CDAD5-B725-4288-BDA1-31032B843E43}"
EndProject
Project("{8BC9CEB8-8B4A-11D0-8D11-00A0C91BC942}") = "StackAndQueueReadMe", "StackAndQueueReadMe\StackAndQueueReadMe.vcxproj", "{3D862B54-99E8-44C3-85F8-DE6072580000}"
EndProject
Project("{8BC9CEB8-8B4A-11D0-8D11-00A0C91BC942}") = "SringMatchingReadMe", "SringMatchingReadMe\SringMatchingReadMe.vcxproj", "{BE4D3FB5-27E2-4DCE-8F8A-AFEBF75742AF}"
EndProject
Project("{8BC9CEB8-8B4A-11D0-8D11-00A0C91BC942}") = "SortReadMe", "SortReadMe\SortReadMe.vcxproj", "{A6D5093A-5C00-487D-A800-165E3B49D530}"
EndProject
Project("{8BC9CEB8-8B4A-11D0-8D11-00A0C91BC942}") = "RecursionReadMe", "RecursionReadMe\RecursionReadMe.vcxproj", "{5A2FEE49-BCBF-4FCA-A922-ACC4E6C71CC8}"
EndProject
Project("{8BC9CEB8-8B4A-11D0-8D11-00A0C91BC942}") = "MulitipleTreeReadMe", "MulitipleTreeReadMe\MulitipleTreeReadMe.vcxproj", "{8AED9551-C234-4E52-9D54-B92BF1A0B62F}"
EndProject
Project("{8BC9CEB8-8B4A-11D0-8D11-00A0C91BC942}") = "HashReadMe", "HashReadMe\HashReadMe.vcxproj", "{9E4B7C6A-F593-49F8-AE70-4BDDBAF90D26}"
EndProject
Project("{8BC9CEB8-8B4A-11D0-8D11-00A0C91BC942}") = "GraphReadMe", "GraphReadMe\GraphReadMe.vcxproj", "{643FE831-7E40-4575-988F-9768F3993C63}"
EndProject
Project("{8BC9CEB8-8B4A-11D0-8D11-00A0C91BC942}") = "DataCompressionReadMe", "DataCompressionReadMe\DataCompressionReadMe.vcxproj", "{EDE3662F-CF98-4ACF-AEB0-761DBE5271A3}"
EndProject
Project("{8BC9CEB8-8B4A-11D0-8D11-00A0C91BC942}") = "BinaryTreeReadMe", "BinaryTreeReadMe\BinaryTreeReadMe.vcxproj", "{EC0CE84C-B346-43BD-AEA6-9D49E9F33BC3}"
EndProject
Project("{8BC9CEB8-8B4A-11D0-8D11-00A0C91BC942}") = "StackType", "StackType\StackType.vcxproj", "{BF933DBB-020E-415B-A25C-67FEE3B6216F}"
EndProject
Project("{8BC9CEB8-8B4A-11D0-8D11-00A0C91BC942}") = "QueueType", "QueueType\QueueType.vcxproj", "{AB5EB037-1502-4B9F-970D-B45014862456}"
EndProject
Global
	GlobalSection(SolutionConfigurationPlatforms) = preSolution
		Debug|x64 = Debug|x64
		Debug|x86 = Debug|x86
		Release|x64 = Release|x64
		Release|x86 = Release|x86
	EndGlobalSection
	GlobalSection(ProjectConfigurationPlatforms) = postSolution
		{12FF5C09-2B4B-4597-88EA-EFE07D423CCD}.Debug|x64.ActiveCfg = Debug|x64
		{12FF5C09-2B4B-4597-88EA-EFE07D423CCD}.Debug|x64.Build.0 = Debug|x64
		{12FF5C09-2B4B-4597-88EA-EFE07D423CCD}.Debug|x86.ActiveCfg = Debug|Win32
		{12FF5C09-2B4B-4597-88EA-EFE07D423CCD}.Debug|x86.Build.0 = Debug|Win32
		{12FF5C09-2B4B-4597-88EA-EFE07D423CCD}.Release|x64.ActiveCfg = Release|x64
		{12FF5C09-2B4B-4597-88EA-EFE07D423CCD}.Release|x64.Build.0 = Release|x64
		{12FF5C09-2B4B-4597-88EA-EFE07D423CCD}.Release|x86.ActiveCfg = Release|Win32
		{12FF5C09-2B4B-4597-88EA-EFE07D423CCD}.Release|x86.Build.0 = Release|Win32
		{BD217199-BD39-4943-93F3-2430B46A8EFB}.Debug|x64.ActiveCfg = Debug|x64
		{BD217199-BD39-4943-93F3-2430B46A8EFB}.Debug|x64.Build.0 = Debug|x64
		{BD217199-BD39-4943-93F3-2430B46A8EFB}.Debug|x86.ActiveCfg = Debug|Win32
		{BD217199-BD39-4943-93F3-2430B46A8EFB}.Debug|x86.Build.0 = Debug|Win32
		{BD217199-BD39-4943-93F3-2430B46A8EFB}.Release|x64.ActiveCfg = Release|x64
		{BD217199-BD39-4943-93F3-2430B46A8EFB}.Release|x64.Build.0 = Release|x64
		{BD217199-BD39-4943-93F3-2430B46A8EFB}.Release|x86.ActiveCfg = Release|Win32
		{BD217199-BD39-4943-93F3-2430B46A8EFB}.Release|x86.Build.0 = Release|Win32
		{CB14365C-7405-456C-B6A2-BA1078D09D77}.Debug|x64.ActiveCfg = Debug|x64
		{CB14365C-7405-456C-B6A2-BA1078D09D77}.Debug|x64.Build.0 = Debug|x64
		{CB14365C-7405-456C-B6A2-BA1078D09D77}.Debug|x86.ActiveCfg = Debug|Win32
		{CB14365C-7405-456C-B6A2-BA1078D09D77}.Debug|x86.Build.0 = Debug|Win32
		{CB14365C-7405-456C-B6A2-BA1078D09D77}.Release|x64.ActiveCfg = Release|x64
		{CB14365C-7405-456C-B6A2-BA1078D09D77}.Release|x64.Build.0 = Release|x64
		{CB14365C-7405-456C-B6A2-BA1078D09D77}.Release|x86.ActiveCfg = Release|Win32
		{CB14365C-7405-456C-B6A2-BA1078D09D77}.Release|x86.Build.0 = Release|Win32
		{0FD62B1C-BDB1-4406-A817-05B55877D38E}.Debug|x64.ActiveCfg = Debug|x64
		{0FD62B1C-BDB1-4406-A817-05B55877D38E}.Debug|x64.Build.0 = Debug|x64
		{0FD62B1C-BDB1-4406-A817-05B55877D38E}.Debug|x86.ActiveCfg = Debug|Win32
		{0FD62B1C-BDB1-4406-A817-05B55877D38E}.Debug|x86.Build.0 = Debug|Win32
		{0FD62B1C-BDB1-4406-A817-05B55877D38E}.Release|x64.ActiveCfg = Release|x64
		{0FD62B1C-BDB1-4406-A817-05B55877D38E}.Release|x64.Build.0 = Release|x64
		{0FD62B1C-BDB1-4406-A817-05B55877D38E}.Release|x86.ActiveCfg = Release|Win32
		{0FD62B1C-BDB1-4406-A817-05B55877D38E}.Release|x86.Build.0 = Release|Win32
		{2DD55252-ACE9-4716-A2E6-F6FEA865606C}.Debug|x64.ActiveCfg = Debug|x64
		{2DD55252-ACE9-4716-A2E6-F6FEA865606C}.Debug|x64.Build.0 = Debug|x64
		{2DD55252-ACE9-4716-A2E6-F6FEA865606C}.Debug|x86.ActiveCfg = Debug|Win32
		{2DD55252-ACE9-4716-A2E6-F6FEA865606C}.Debug|x86.Build.0 = Debug|Win32
		{2DD55252-ACE9-4716-A2E6-F6FEA865606C}.Release|x64.ActiveCfg = Release|x64
		{2DD55252-ACE9-4716-A2E6-F6FEA865606C}.Release|x64.Build.0 = Release|x64
		{2DD55252-ACE9-4716-A2E6-F6FEA865606C}.Release|x86.ActiveCfg = Release|Win32
		{2DD55252-ACE9-4716-A2E6-F6FEA865606C}.Release|x86.Build.0 = Release|Win32
		{F6AA8FDF-EC0C-4D51-BADB-D0D634974D59}.Debug|x64.ActiveCfg = Debug|x64
		{F6AA8FDF-EC0C-4D51-BADB-D0D634974D59}.Debug|x64.Build.0 = Debug|x64
		{F6AA8FDF-EC0C-4D51-BADB-D0D634974D59}.Debug|x86.ActiveCfg = Debug|Win32
		{F6AA8FDF-EC0C-4D51-BADB-D0D634974D59}.Debug|x86.Build.0 = Debug|Win32
		{F6AA8FDF-EC0C-4D51-BADB-D0D634974D59}.Release|x64.ActiveCfg = Release|x64
		{F6AA8FDF-EC0C-4D51-BADB-D0D634974D59}.Release|x64.Build.0 = Release|x64
		{F6AA8FDF-EC0C-4D51-BADB-D0D634974D59}.Release|x86.ActiveCfg = Release|Win32
		{F6AA8FDF-EC0C-4D51-BADB-D0D634974D59}.Release|x86.Build.0 = Release|Win32
		{524FCBDE-2DC1-40FF-B031-C9FE26998CC4}.Debug|x64.ActiveCfg = Debug|x64
		{524FCBDE-2DC1-40FF-B031-C9FE26998CC4}.Debug|x64.Build.0 = Debug|x64
		{524FCBDE-2DC1-40FF-B031-C9FE26998CC4}.Debug|x86.ActiveCfg = Debug|Win32
		{524FCBDE-2DC1-40FF-B031-C9FE26998CC4}.Debug|x86.Build.0 = Debug|Win32
		{524FCBDE-2DC1-40FF-B031-C9FE26998CC4}.Release|x64.ActiveCfg = Release|x64
		{524FCBDE-2DC1-40FF-B031-C9FE26998CC4}.Release|x64.Build.0 = Release|x64
		{524FCBDE-2DC1-40FF-B031-C9FE26998CC4}.Release|x86.ActiveCfg = Release|Win32
		{524FCBDE-2DC1-40FF-B031-C9FE26998CC4}.Release|x86.Build.0 = Release|Win32
		{AF7E4204-8E09-4176-9221-9C8EC394C3B4}.Debug|x64.ActiveCfg = Debug|x64
		{AF7E4204-8E09-4176-9221-9C8EC394C3B4}.Debug|x64.Build.0 = Debug|x64
		{AF7E4204-8E09-4176-9221-9C8EC394C3B4}.Debug|x86.ActiveCfg = Debug|Win32
		{AF7E4204-8E09-4176-9221-9C8EC394C3B4}.Debug|x86.Build.0 = Debug|Win32
		{AF7E4204-8E09-4176-9221-9C8EC394C3B4}.Release|x64.ActiveCfg = Release|x64
		{AF7E4204-8E09-4176-9221-9C8EC394C3B4}.Release|x64.Build.0 = Release|x64
		{AF7E4204-8E09-4176-9221-9C8EC394C3B4}.Release|x86.ActiveCfg = Release|Win32
		{AF7E4204-8E09-4176-9221-9C8EC394C3B4}.Release|x86.Build.0 = Release|Win32
		{AFD84480-7CD3-431F-8B9B-E65844EFADB2}.Debug|x64.ActiveCfg = Debug|x64
		{AFD84480-7CD3-431F-8B9B-E65844EFADB2}.Debug|x64.Build.0 = Debug|x64
		{AFD84480-7CD3-431F-8B9B-E65844EFADB2}.Debug|x86.ActiveCfg = Debug|Win32
		{AFD84480-7CD3-431F-8B9B-E65844EFADB2}.Debug|x86.Build.0 = Debug|Win32
		{AFD84480-7CD3-431F-8B9B-E65844EFADB2}.Release|x64.ActiveCfg = Release|x64
		{AFD84480-7CD3-431F-8B9B-E65844EFADB2}.Release|x64.Build.0 = Release|x64
		{AFD84480-7CD3-431F-8B9B-E65844EFADB2}.Release|x86.ActiveCfg = Release|Win32
		{AFD84480-7CD3-431F-8B9B-E65844EFADB2}.Release|x86.Build.0 = Release|Win32
		{3F5FB122-4A1D-48C2-94D6-D67FE75B7E83}.Debug|x64.ActiveCfg = Debug|x64
		{3F5FB122-4A1D-48C2-94D6-D67FE75B7E83}.Debug|x64.Build.0 = Debug|x64
		{3F5FB122-4A1D-48C2-94D6-D67FE75B7E83}.Debug|x86.ActiveCfg = Debug|Win32
		{3F5FB122-4A1D-48C2-94D6-D67FE75B7E83}.Debug|x86.Build.0 = Debug|Win32
		{3F5FB122-4A1D-48C2-94D6-D67FE75B7E83}.Release|x64.ActiveCfg = Release|x64
		{3F5FB122-4A1D-48C2-94D6-D67FE75B7E83}.Release|x64.Build.0 = Release|x64
		{3F5FB122-4A1D-48C2-94D6-D67FE75B7E83}.Release|x86.ActiveCfg = Release|Win32
		{3F5FB122-4A1D-48C2-94D6-D67FE75B7E83}.Release|x86.Build.0 = Release|Win32
		{375ADC46-638E-4133-BEF4-C1D71DBB90ED}.Debug|x64.ActiveCfg = Debug|x64
		{375ADC46-638E-4133-BEF4-C1D71DBB90ED}.Debug|x64.Build.0 = Debug|x64
		{375ADC46-638E-4133-BEF4-C1D71DBB90ED}.Debug|x86.ActiveCfg = Debug|Win32
		{375ADC46-638E-4133-BEF4-C1D71DBB90ED}.Debug|x86.Build.0 = Debug|Win32
		{375ADC46-638E-4133-BEF4-C1D71DBB90ED}.Release|x64.ActiveCfg = Release|x64
		{375ADC46-638E-4133-BEF4-C1D71DBB90ED}.Release|x64.Build.0 = Release|x64
		{375ADC46-638E-4133-BEF4-C1D71DBB90ED}.Release|x86.ActiveCfg = Release|Win32
		{375ADC46-638E-4133-BEF4-C1D71DBB90ED}.Release|x86.Build.0 = Release|Win32
		{42B30697-6B6E-4354-B8D4-20E458508209}.Debug|x64.ActiveCfg = Debug|x64
		{42B30697-6B6E-4354-B8D4-20E458508209}.Debug|x64.Build.0 = Debug|x64
		{42B30697-6B6E-4354-B8D4-20E458508209}.Debug|x86.ActiveCfg = Debug|Win32
		{42B30697-6B6E-4354-B8D4-20E458508209}.Debug|x86.Build.0 = Debug|Win32
		{42B30697-6B6E-4354-B8D4-20E458508209}.Release|x64.ActiveCfg = Release|x64
		{42B30697-6B6E-4354-B8D4-20E458508209}.Release|x64.Build.0 = Release|x64
		{42B30697-6B6E-4354-B8D4-20E458508209}.Release|x86.ActiveCfg = Release|Win32
		{42B30697-6B6E-4354-B8D4-20E458508209}.Release|x86.Build.0 = Release|Win32
		{B64E03E5-9F9A-486B-A3B7-4C9670AA513D}.Debug|x64.ActiveCfg = Debug|x64
		{B64E03E5-9F9A-486B-A3B7-4C9670AA513D}.Debug|x64.Build.0 = Debug|x64
		{B64E03E5-9F9A-486B-A3B7-4C9670AA513D}.Debug|x86.ActiveCfg = Debug|Win32
		{B64E03E5-9F9A-486B-A3B7-4C9670AA513D}.Debug|x86.Build.0 = Debug|Win32
		{B64E03E5-9F9A-486B-A3B7-4C9670AA513D}.Release|x64.ActiveCfg = Release|x64
		{B64E03E5-9F9A-486B-A3B7-4C9670AA513D}.Release|x64.Build.0 = Release|x64
		{B64E03E5-9F9A-486B-A3B7-4C9670AA513D}.Release|x86.ActiveCfg = Release|Win32
		{B64E03E5-9F9A-486B-A3B7-4C9670AA513D}.Release|x86.Build.0 = Release|Win32
		{EDDAC58A-4468-40CF-9A9F-B68082C7475E}.Debug|x64.ActiveCfg = Debug|x64
		{EDDAC58A-4468-40CF-9A9F-B68082C7475E}.Debug|x64.Build.0 = Debug|x64
		{EDDAC58A-4468-40CF-9A9F-B68082C7475E}.Debug|x86.ActiveCfg = Debug|Win32
		{EDDAC58A-4468-40CF-9A9F-B68082C7475E}.Debug|x86.Build.0 = Debug|Win32
		{EDDAC58A-4468-40CF-9A9F-B68082C7475E}.Release|x64.ActiveCfg = Release|x64
		{EDDAC58A-4468-40CF-9A9F-B68082C7475E}.Release|x64.Build.0 = Release|x64
		{EDDAC58A-4468-40CF-9A9F-B68082C7475E}.Release|x86.ActiveCfg = Release|Win32
		{EDDAC58A-4468-40CF-9A9F-B68082C7475E}.Release|x86.Build.0 = Release|Win32
		{D5893B97-9D98-42AA-8555-CEFFCC56D8D7}.Debug|x64.ActiveCfg = Debug|x64
		{D5893B97-9D98-42AA-8555-CEFFCC56D8D7}.Debug|x64.Build.0 = Debug|x64
		{D5893B97-9D98-42AA-8555-CEFFCC56D8D7}.Debug|x86.ActiveCfg = Debug|Win32
		{D5893B97-9D98-42AA-8555-CEFFCC56D8D7}.Debug|x86.Build.0 = Debug|Win32
		{D5893B97-9D98-42AA-8555-CEFFCC56D8D7}.Release|x64.ActiveCfg = Release|x64
		{D5893B97-9D98-42AA-8555-CEFFCC56D8D7}.Release|x64.Build.0 = Release|x64
		{D5893B97-9D98-42AA-8555-CEFFCC56D8D7}.Release|x86.ActiveCfg = Release|Win32
		{D5893B97-9D98-42AA-8555-CEFFCC56D8D7}.Release|x86.Build.0 = Release|Win32
		{2F63352B-4434-477C-BB8C-A6C487CD476A}.Debug|x64.ActiveCfg = Debug|x64
		{2F63352B-4434-477C-BB8C-A6C487CD476A}.Debug|x64.Build.0 = Debug|x64
		{2F63352B-4434-477C-BB8C-A6C487CD476A}.Debug|x86.ActiveCfg = Debug|Win32
		{2F63352B-4434-477C-BB8C-A6C487CD476A}.Debug|x86.Build.0 = Debug|Win32
		{2F63352B-4434-477C-BB8C-A6C487CD476A}.Release|x64.ActiveCfg = Release|x64
		{2F63352B-4434-477C-BB8C-A6C487CD476A}.Release|x64.Build.0 = Release|x64
		{2F63352B-4434-477C-BB8C-A6C487CD476A}.Release|x86.ActiveCfg = Release|Win32
		{2F63352B-4434-477C-BB8C-A6C487CD476A}.Release|x86.Build.0 = Release|Win32
		{6576EE01-F4C5-47C8-97A3-C865F4730D6C}.Debug|x64.ActiveCfg = Debug|x64
		{6576EE01-F4C5-47C8-97A3-C865F4730D6C}.Debug|x64.Build.0 = Debug|x64
		{6576EE01-F4C5-47C8-97A3-C865F4730D6C}.Debug|x86.ActiveCfg = Debug|Win32
		{6576EE01-F4C5-47C8-97A3-C865F4730D6C}.Debug|x86.Build.0 = Debug|Win32
		{6576EE01-F4C5-47C8-97A3-C865F4730D6C}.Release|x64.ActiveCfg = Release|x64
		{6576EE01-F4C5-47C8-97A3-C865F4730D6C}.Release|x64.Build.0 = Release|x64
		{6576EE01-F4C5-47C8-97A3-C865F4730D6C}.Release|x86.ActiveCfg = Release|Win32
		{6576EE01-F4C5-47C8-97A3-C865F4730D6C}.Release|x86.Build.0 = Release|Win32
		{48367459-2EF8-4BE5-B78E-4ECF6A674E69}.Debug|x64.ActiveCfg = Debug|x64
		{48367459-2EF8-4BE5-B78E-4ECF6A674E69}.Debug|x64.Build.0 = Debug|x64
		{48367459-2EF8-4BE5-B78E-4ECF6A674E69}.Debug|x86.ActiveCfg = Debug|Win32
		{48367459-2EF8-4BE5-B78E-4ECF6A674E69}.Debug|x86.Build.0 = Debug|Win32
		{48367459-2EF8-4BE5-B78E-4ECF6A674E69}.Release|x64.ActiveCfg = Release|x64
		{48367459-2EF8-4BE5-B78E-4ECF6A674E69}.Release|x64.Build.0 = Release|x64
		{48367459-2EF8-4BE5-B78E-4ECF6A674E69}.Release|x86.ActiveCfg = Release|Win32
		{48367459-2EF8-4BE5-B78E-4ECF6A674E69}.Release|x86.Build.0 = Release|Win32
		{F624125F-34E5-43BD-987C-85A09E8A3707}.Debug|x64.ActiveCfg = Debug|x64
		{F624125F-34E5-43BD-987C-85A09E8A3707}.Debug|x64.Build.0 = Debug|x64
		{F624125F-34E5-43BD-987C-85A09E8A3707}.Debug|x86.ActiveCfg = Debug|Win32
		{F624125F-34E5-43BD-987C-85A09E8A3707}.Debug|x86.Build.0 = Debug|Win32
		{F624125F-34E5-43BD-987C-85A09E8A3707}.Release|x64.ActiveCfg = Release|x64
		{F624125F-34E5-43BD-987C-85A09E8A3707}.Release|x64.Build.0 = Release|x64
		{F624125F-34E5-43BD-987C-85A09E8A3707}.Release|x86.ActiveCfg = Release|Win32
		{F624125F-34E5-43BD-987C-85A09E8A3707}.Release|x86.Build.0 = Release|Win32
		{BE653334-86CD-4369-AC5C-CB8887716F1B}.Debug|x64.ActiveCfg = Debug|x64
		{BE653334-86CD-4369-AC5C-CB8887716F1B}.Debug|x64.Build.0 = Debug|x64
		{BE653334-86CD-4369-AC5C-CB8887716F1B}.Debug|x86.ActiveCfg = Debug|Win32
		{BE653334-86CD-4369-AC5C-CB8887716F1B}.Debug|x86.Build.0 = Debug|Win32
		{BE653334-86CD-4369-AC5C-CB8887716F1B}.Release|x64.ActiveCfg = Release|x64
		{BE653334-86CD-4369-AC5C-CB8887716F1B}.Release|x64.Build.0 = Release|x64
		{BE653334-86CD-4369-AC5C-CB8887716F1B}.Release|x86.ActiveCfg = Release|Win32
		{BE653334-86CD-4369-AC5C-CB8887716F1B}.Release|x86.Build.0 = Release|Win32
		{6636EBE0-F217-466B-B5C1-5D10A6535682}.Debug|x64.ActiveCfg = Debug|x64
		{6636EBE0-F217-466B-B5C1-5D10A6535682}.Debug|x64.Build.0 = Debug|x64
		{6636EBE0-F217-466B-B5C1-5D10A6535682}.Debug|x86.ActiveCfg = Debug|Win32
		{6636EBE0-F217-466B-B5C1-5D10A6535682}.Debug|x86.Build.0 = Debug|Win32
		{6636EBE0-F217-466B-B5C1-5D10A6535682}.Release|x64.ActiveCfg = Release|x64
		{6636EBE0-F217-466B-B5C1-5D10A6535682}.Release|x64.Build.0 = Release|x64
		{6636EBE0-F217-466B-B5C1-5D10A6535682}.Release|x86.ActiveCfg = Release|Win32
		{6636EBE0-F217-466B-B5C1-5D10A6535682}.Release|x86.Build.0 = Release|Win32
		{6AE4BD69-7B91-4956-962A-7734D5FCF3AA}.Debug|x64.ActiveCfg = Debug|x64
		{6AE4BD69-7B91-4956-962A-7734D5FCF3AA}.Debug|x64.Build.0 = Debug|x64
		{6AE4BD69-7B91-4956-962A-7734D5FCF3AA}.Debug|x86.ActiveCfg = Debug|Win32
		{6AE4BD69-7B91-4956-962A-7734D5FCF3AA}.Debug|x86.Build.0 = Debug|Win32
		{6AE4BD69-7B91-4956-962A-7734D5FCF3AA}.Release|x64.ActiveCfg = Release|x64
		{6AE4BD69-7B91-4956-962A-7734D5FCF3AA}.Release|x64.Build.0 = Release|x64
		{6AE4BD69-7B91-4956-962A-7734D5FCF3AA}.Release|x86.ActiveCfg = Release|Win32
		{6AE4BD69-7B91-4956-962A-7734D5FCF3AA}.Release|x86.Build.0 = Release|Win32
		{3217D7BE-51C2-44D1-B55C-0BA227A7FCD7}.Debug|x64.ActiveCfg = Debug|x64
		{3217D7BE-51C2-44D1-B55C-0BA227A7FCD7}.Debug|x64.Build.0 = Debug|x64
		{3217D7BE-51C2-44D1-B55C-0BA227A7FCD7}.Debug|x86.ActiveCfg = Debug|Win32
		{3217D7BE-51C2-44D1-B55C-0BA227A7FCD7}.Debug|x86.Build.0 = Debug|Win32
		{3217D7BE-51C2-44D1-B55C-0BA227A7FCD7}.Release|x64.ActiveCfg = Release|x64
		{3217D7BE-51C2-44D1-B55C-0BA227A7FCD7}.Release|x64.Build.0 = Release|x64
		{3217D7BE-51C2-44D1-B55C-0BA227A7FCD7}.Release|x86.ActiveCfg = Release|Win32
		{3217D7BE-51C2-44D1-B55C-0BA227A7FCD7}.Release|x86.Build.0 = Release|Win32
		{DD63AA5C-C191-49E1-B6A4-CF3627033727}.Debug|x64.ActiveCfg = Debug|x64
		{DD63AA5C-C191-49E1-B6A4-CF3627033727}.Debug|x64.Build.0 = Debug|x64
		{DD63AA5C-C191-49E1-B6A4-CF3627033727}.Debug|x86.ActiveCfg = Debug|Win32
		{DD63AA5C-C191-49E1-B6A4-CF3627033727}.Debug|x86.Build.0 = Debug|Win32
		{DD63AA5C-C191-49E1-B6A4-CF3627033727}.Release|x64.ActiveCfg = Release|x64
		{DD63AA5C-C191-49E1-B6A4-CF3627033727}.Release|x64.Build.0 = Release|x64
		{DD63AA5C-C191-49E1-B6A4-CF3627033727}.Release|x86.ActiveCfg = Release|Win32
		{DD63AA5C-C191-49E1-B6A4-CF3627033727}.Release|x86.Build.0 = Release|Win32
		{A1F957AC-0016-4202-A61A-2663A1283B58}.Debug|x64.ActiveCfg = Debug|x64
		{A1F957AC-0016-4202-A61A-2663A1283B58}.Debug|x64.Build.0 = Debug|x64
		{A1F957AC-0016-4202-A61A-2663A1283B58}.Debug|x86.ActiveCfg = Debug|Win32
		{A1F957AC-0016-4202-A61A-2663A1283B58}.Debug|x86.Build.0 = Debug|Win32
		{A1F957AC-0016-4202-A61A-2663A1283B58}.Release|x64.ActiveCfg = Release|x64
		{A1F957AC-0016-4202-A61A-2663A1283B58}.Release|x64.Build.0 = Release|x64
		{A1F957AC-0016-4202-A61A-2663A1283B58}.Release|x86.ActiveCfg = Release|Win32
		{A1F957AC-0016-4202-A61A-2663A1283B58}.Release|x86.Build.0 = Release|Win32
		{54731E38-6F1B-494E-B540-AEDE3FAEDC34}.Debug|x64.ActiveCfg = Debug|x64
		{54731E38-6F1B-494E-B540-AEDE3FAEDC34}.Debug|x64.Build.0 = Debug|x64
		{54731E38-6F1B-494E-B540-AEDE3FAEDC34}.Debug|x86.ActiveCfg = Debug|Win32
		{54731E38-6F1B-494E-B540-AEDE3FAEDC34}.Debug|x86.Build.0 = Debug|Win32
		{54731E38-6F1B-494E-B540-AEDE3FAEDC34}.Release|x64.ActiveCfg = Release|x64
		{54731E38-6F1B-494E-B540-AEDE3FAEDC34}.Release|x64.Build.0 = Release|x64
		{54731E38-6F1B-494E-B540-AEDE3FAEDC34}.Release|x86.ActiveCfg = Release|Win32
		{54731E38-6F1B-494E-B540-AEDE3FAEDC34}.Release|x86.Build.0 = Release|Win32
		{200B6408-2BD5-4C0F-BE2D-E513AC351779}.Debug|x64.ActiveCfg = Debug|x64
		{200B6408-2BD5-4C0F-BE2D-E513AC351779}.Debug|x64.Build.0 = Debug|x64
		{200B6408-2BD5-4C0F-BE2D-E513AC351779}.Debug|x86.ActiveCfg = Debug|Win32
		{200B6408-2BD5-4C0F-BE2D-E513AC351779}.Debug|x86.Build.0 = Debug|Win32
		{200B6408-2BD5-4C0F-BE2D-E513AC351779}.Release|x64.ActiveCfg = Release|x64
		{200B6408-2BD5-4C0F-BE2D-E513AC351779}.Release|x64.Build.0 = Release|x64
		{200B6408-2BD5-4C0F-BE2D-E513AC351779}.Release|x86.ActiveCfg = Release|Win32
		{200B6408-2BD5-4C0F-BE2D-E513AC351779}.Release|x86.Build.0 = Release|Win32
		{A3459FC8-C132-4049-84A0-12835351F8FF}.Debug|x64.ActiveCfg = Debug|x64
		{A3459FC8-C132-4049-84A0-12835351F8FF}.Debug|x64.Build.0 = Debug|x64
		{A3459FC8-C132-4049-84A0-12835351F8FF}.Debug|x86.ActiveCfg = Debug|Win32
		{A3459FC8-C132-4049-84A0-12835351F8FF}.Debug|x86.Build.0 = Debug|Win32
		{A3459FC8-C132-4049-84A0-12835351F8FF}.Release|x64.ActiveCfg = Release|x64
		{A3459FC8-C132-4049-84A0-12835351F8FF}.Release|x64.Build.0 = Release|x64
		{A3459FC8-C132-4049-84A0-12835351F8FF}.Release|x86.ActiveCfg = Release|Win32
		{A3459FC8-C132-4049-84A0-12835351F8FF}.Release|x86.Build.0 = Release|Win32
		{1192E2FE-4208-4ADA-8359-112D5DD2A55E}.Debug|x64.ActiveCfg = Debug|x64
		{1192E2FE-4208-4ADA-8359-112D5DD2A55E}.Debug|x64.Build.0 = Debug|x64
		{1192E2FE-4208-4ADA-8359-112D5DD2A55E}.Debug|x86.ActiveCfg = Debug|Win32
		{1192E2FE-4208-4ADA-8359-112D5DD2A55E}.Debug|x86.Build.0 = Debug|Win32
		{1192E2FE-4208-4ADA-8359-112D5DD2A55E}.Release|x64.ActiveCfg = Release|x64
		{1192E2FE-4208-4ADA-8359-112D5DD2A55E}.Release|x64.Build.0 = Release|x64
		{1192E2FE-4208-4ADA-8359-112D5DD2A55E}.Release|x86.ActiveCfg = Release|Win32
		{1192E2FE-4208-4ADA-8359-112D5DD2A55E}.Release|x86.Build.0 = Release|Win32
		{5B3B01AD-DC75-41F0-B1CE-E1729BDD5B3B}.Debug|x64.ActiveCfg = Debug|x64
		{5B3B01AD-DC75-41F0-B1CE-E1729BDD5B3B}.Debug|x64.Build.0 = Debug|x64
		{5B3B01AD-DC75-41F0-B1CE-E1729BDD5B3B}.Debug|x86.ActiveCfg = Debug|Win32
		{5B3B01AD-DC75-41F0-B1CE-E1729BDD5B3B}.Debug|x86.Build.0 = Debug|Win32
		{5B3B01AD-DC75-41F0-B1CE-E1729BDD5B3B}.Release|x64.ActiveCfg = Release|x64
		{5B3B01AD-DC75-41F0-B1CE-E1729BDD5B3B}.Release|x64.Build.0 = Release|x64
		{5B3B01AD-DC75-41F0-B1CE-E1729BDD5B3B}.Release|x86.ActiveCfg = Release|Win32
		{5B3B01AD-DC75-41F0-B1CE-E1729BDD5B3B}.Release|x86.Build.0 = Release|Win32
		{77C2D143-E2EB-4413-A2E2-10E84F612C13}.Debug|x64.ActiveCfg = Debug|x64
		{77C2D143-E2EB-4413-A2E2-10E84F612C13}.Debug|x64.Build.0 = Debug|x64
		{77C2D143-E2EB-4413-A2E2-10E84F612C13}.Debug|x86.ActiveCfg = Debug|Win32
		{77C2D143-E2EB-4413-A2E2-10E84F612C13}.Debug|x86.Build.0 = Debug|Win32
		{77C2D143-E2EB-4413-A2E2-10E84F612C13}.Release|x64.ActiveCfg = Release|x64
		{77C2D143-E2EB-4413-A2E2-10E84F612C13}.Release|x64.Build.0 = Release|x64
		{77C2D143-E2EB-4413-A2E2-10E84F612C13}.Release|x86.ActiveCfg = Release|Win32
		{77C2D143-E2EB-4413-A2E2-10E84F612C13}.Release|x86.Build.0 = Release|Win32
		{42FDB981-9791-4BA5-8F62-0599718F1C74}.Debug|x64.ActiveCfg = Debug|x64
		{42FDB981-9791-4BA5-8F62-0599718F1C74}.Debug|x64.Build.0 = Debug|x64
		{42FDB981-9791-4BA5-8F62-0599718F1C74}.Debug|x86.ActiveCfg = Debug|Win32
		{42FDB981-9791-4BA5-8F62-0599718F1C74}.Debug|x86.Build.0 = Debug|Win32
		{42FDB981-9791-4BA5-8F62-0599718F1C74}.Release|x64.ActiveCfg = Release|x64
		{42FDB981-9791-4BA5-8F62-0599718F1C74}.Release|x64.Build.0 = Release|x64
		{42FDB981-9791-4BA5-8F62-0599718F1C74}.Release|x86.ActiveCfg = Release|Win32
		{42FDB981-9791-4BA5-8F62-0599718F1C74}.Release|x86.Build.0 = Release|Win32
		{6F56A076-F7D8-4E65-84CF-C58AFDAEDBA3}.Debug|x64.ActiveCfg = Debug|x64
		{6F56A076-F7D8-4E65-84CF-C58AFDAEDBA3}.Debug|x64.Build.0 = Debug|x64
		{6F56A076-F7D8-4E65-84CF-C58AFDAEDBA3}.Debug|x86.ActiveCfg = Debug|Win32
		{6F56A076-F7D8-4E65-84CF-C58AFDAEDBA3}.Debug|x86.Build.0 = Debug|Win32
		{6F56A076-F7D8-4E65-84CF-C58AFDAEDBA3}.Release|x64.ActiveCfg = Release|x64
		{6F56A076-F7D8-4E65-84CF-C58AFDAEDBA3}.Release|x64.Build.0 = Release|x64
		{6F56A076-F7D8-4E65-84CF-C58AFDAEDBA3}.Release|x86.ActiveCfg = Release|Win32
		{6F56A076-F7D8-4E65-84CF-C58AFDAEDBA3}.Release|x86.Build.0 = Release|Win32
		{B279EF35-C291-4C98-9CB1-2B083A23E3CB}.Debug|x64.ActiveCfg = Debug|x64
		{B279EF35-C291-4C98-9CB1-2B083A23E3CB}.Debug|x64.Build.0 = Debug|x64
		{B279EF35-C291-4C98-9CB1-2B083A23E3CB}.Debug|x86.ActiveCfg = Debug|Win32
		{B279EF35-C291-4C98-9CB1-2B083A23E3CB}.Debug|x86.Build.0 = Debug|Win32
		{B279EF35-C291-4C98-9CB1-2B083A23E3CB}.Release|x64.ActiveCfg = Release|x64
		{B279EF35-C291-4C98-9CB1-2B083A23E3CB}.Release|x64.Build.0 = Release|x64
		{B279EF35-C291-4C98-9CB1-2B083A23E3CB}.Release|x86.ActiveCfg = Release|Win32
		{B279EF35-C291-4C98-9CB1-2B083A23E3CB}.Release|x86.Build.0 = Release|Win32
		{F15D7984-D651-475B-9BC2-112577B127B0}.Debug|x64.ActiveCfg = Debug|x64
		{F15D7984-D651-475B-9BC2-112577B127B0}.Debug|x64.Build.0 = Debug|x64
		{F15D7984-D651-475B-9BC2-112577B127B0}.Debug|x86.ActiveCfg = Debug|Win32
		{F15D7984-D651-475B-9BC2-112577B127B0}.Debug|x86.Build.0 = Debug|Win32
		{F15D7984-D651-475B-9BC2-112577B127B0}.Release|x64.ActiveCfg = Release|x64
		{F15D7984-D651-475B-9BC2-112577B127B0}.Release|x64.Build.0 = Release|x64
		{F15D7984-D651-475B-9BC2-112577B127B0}.Release|x86.ActiveCfg = Release|Win32
		{F15D7984-D651-475B-9BC2-112577B127B0}.Release|x86.Build.0 = Release|Win32
		{35012F25-4346-40E9-A0B5-80A0E5FE3112}.Debug|x64.ActiveCfg = Debug|x64
		{35012F25-4346-40E9-A0B5-80A0E5FE3112}.Debug|x64.Build.0 = Debug|x64
		{35012F25-4346-40E9-A0B5-80A0E5FE3112}.Debug|x86.ActiveCfg = Debug|Win32
		{35012F25-4346-40E9-A0B5-80A0E5FE3112}.Debug|x86.Build.0 = Debug|Win32
		{35012F25-4346-40E9-A0B5-80A0E5FE3112}.Release|x64.ActiveCfg = Release|x64
		{35012F25-4346-40E9-A0B5-80A0E5FE3112}.Release|x64.Build.0 = Release|x64
		{35012F25-4346-40E9-A0B5-80A0E5FE3112}.Release|x86.ActiveCfg = Release|Win32
		{35012F25-4346-40E9-A0B5-80A0E5FE3112}.Release|x86.Build.0 = Release|Win32
		{14CDCF54-D0A8-41F2-B725-936171334894}.Debug|x64.ActiveCfg = Debug|x64
		{14CDCF54-D0A8-41F2-B725-936171334894}.Debug|x64.Build.0 = Debug|x64
		{14CDCF54-D0A8-41F2-B725-936171334894}.Debug|x86.ActiveCfg = Debug|Win32
		{14CDCF54-D0A8-41F2-B725-936171334894}.Debug|x86.Build.0 = Debug|Win32
		{14CDCF54-D0A8-41F2-B725-936171334894}.Release|x64.ActiveCfg = Release|x64
		{14CDCF54-D0A8-41F2-B725-936171334894}.Release|x64.Build.0 = Release|x64
		{14CDCF54-D0A8-41F2-B725-936171334894}.Release|x86.ActiveCfg = Release|Win32
		{14CDCF54-D0A8-41F2-B725-936171334894}.Release|x86.Build.0 = Release|Win32
		{7302C10F-CADB-4D2F-B3A3-5B38B30AB818}.Debug|x64.ActiveCfg = Debug|x64
		{7302C10F-CADB-4D2F-B3A3-5B38B30AB818}.Debug|x64.Build.0 = Debug|x64
		{7302C10F-CADB-4D2F-B3A3-5B38B30AB818}.Debug|x86.ActiveCfg = Debug|Win32
		{7302C10F-CADB-4D2F-B3A3-5B38B30AB818}.Debug|x86.Build.0 = Debug|Win32
		{7302C10F-CADB-4D2F-B3A3-5B38B30AB818}.Release|x64.ActiveCfg = Release|x64
		{7302C10F-CADB-4D2F-B3A3-5B38B30AB818}.Release|x64.Build.0 = Release|x64
		{7302C10F-CADB-4D2F-B3A3-5B38B30AB818}.Release|x86.ActiveCfg = Release|Win32
		{7302C10F-CADB-4D2F-B3A3-5B38B30AB818}.Release|x86.Build.0 = Release|Win32
		{8159B078-29F0-4AE3-9D4D-5D4A266EDF10}.Debug|x64.ActiveCfg = Debug|x64
		{8159B078-29F0-4AE3-9D4D-5D4A266EDF10}.Debug|x64.Build.0 = Debug|x64
		{8159B078-29F0-4AE3-9D4D-5D4A266EDF10}.Debug|x86.ActiveCfg = Debug|Win32
		{8159B078-29F0-4AE3-9D4D-5D4A266EDF10}.Debug|x86.Build.0 = Debug|Win32
		{8159B078-29F0-4AE3-9D4D-5D4A266EDF10}.Release|x64.ActiveCfg = Release|x64
		{8159B078-29F0-4AE3-9D4D-5D4A266EDF10}.Release|x64.Build.0 = Release|x64
		{8159B078-29F0-4AE3-9D4D-5D4A266EDF10}.Release|x86.ActiveCfg = Release|Win32
		{8159B078-29F0-4AE3-9D4D-5D4A266EDF10}.Release|x86.Build.0 = Release|Win32
		{1FCA5CAC-C5AE-4234-BCBE-46758FC6AE8F}.Debug|x64.ActiveCfg = Debug|x64
		{1FCA5CAC-C5AE-4234-BCBE-46758FC6AE8F}.Debug|x64.Build.0 = Debug|x64
		{1FCA5CAC-C5AE-4234-BCBE-46758FC6AE8F}.Debug|x86.ActiveCfg = Debug|Win32
		{1FCA5CAC-C5AE-4234-BCBE-46758FC6AE8F}.Debug|x86.Build.0 = Debug|Win32
		{1FCA5CAC-C5AE-4234-BCBE-46758FC6AE8F}.Release|x64.ActiveCfg = Release|x64
		{1FCA5CAC-C5AE-4234-BCBE-46758FC6AE8F}.Release|x64.Build.0 = Release|x64
		{1FCA5CAC-C5AE-4234-BCBE-46758FC6AE8F}.Release|x86.ActiveCfg = Release|Win32
		{1FCA5CAC-C5AE-4234-BCBE-46758FC6AE8F}.Release|x86.Build.0 = Release|Win32
		{2F5BD37A-7A41-4747-AD20-4BEAA8A221C4}.Debug|x64.ActiveCfg = Debug|x64
		{2F5BD37A-7A41-4747-AD20-4BEAA8A221C4}.Debug|x64.Build.0 = Debug|x64
		{2F5BD37A-7A41-4747-AD20-4BEAA8A221C4}.Debug|x86.ActiveCfg = Debug|Win32
		{2F5BD37A-7A41-4747-AD20-4BEAA8A221C4}.Debug|x86.Build.0 = Debug|Win32
		{2F5BD37A-7A41-4747-AD20-4BEAA8A221C4}.Release|x64.ActiveCfg = Release|x64
		{2F5BD37A-7A41-4747-AD20-4BEAA8A221C4}.Release|x64.Build.0 = Release|x64
		{2F5BD37A-7A41-4747-AD20-4BEAA8A221C4}.Release|x86.ActiveCfg = Release|Win32
		{2F5BD37A-7A41-4747-AD20-4BEAA8A221C4}.Release|x86.Build.0 = Release|Win32
		{B75AE480-F750-427F-898E-D2092EE3492A}.Debug|x64.ActiveCfg = Debug|x64
		{B75AE480-F750-427F-898E-D2092EE3492A}.Debug|x64.Build.0 = Debug|x64
		{B75AE480-F750-427F-898E-D2092EE3492A}.Debug|x86.ActiveCfg = Debug|Win32
		{B75AE480-F750-427F-898E-D2092EE3492A}.Debug|x86.Build.0 = Debug|Win32
		{B75AE480-F750-427F-898E-D2092EE3492A}.Release|x64.ActiveCfg = Release|x64
		{B75AE480-F750-427F-898E-D2092EE3492A}.Release|x64.Build.0 = Release|x64
		{B75AE480-F750-427F-898E-D2092EE3492A}.Release|x86.ActiveCfg = Release|Win32
		{B75AE480-F750-427F-898E-D2092EE3492A}.Release|x86.Build.0 = Release|Win32
		{E874D449-B8A1-4AB3-91F7-3CB8F0107C9E}.Debug|x64.ActiveCfg = Debug|x64
		{E874D449-B8A1-4AB3-91F7-3CB8F0107C9E}.Debug|x64.Build.0 = Debug|x64
		{E874D449-B8A1-4AB3-91F7-3CB8F0107C9E}.Debug|x86.ActiveCfg = Debug|Win32
		{E874D449-B8A1-4AB3-91F7-3CB8F0107C9E}.Debug|x86.Build.0 = Debug|Win32
		{E874D449-B8A1-4AB3-91F7-3CB8F0107C9E}.Release|x64.ActiveCfg = Release|x64
		{E874D449-B8A1-4AB3-91F7-3CB8F0107C9E}.Release|x64.Build.0 = Release|x64
		{E874D449-B8A1-4AB3-91F7-3CB8F0107C9E}.Release|x86.ActiveCfg = Release|Win32
		{E874D449-B8A1-4AB3-91F7-3CB8F0107C9E}.Release|x86.Build.0 = Release|Win32
		{5F0CDAD5-B725-4288-BDA1-31032B843E43}.Debug|x64.ActiveCfg = Debug|x64
		{5F0CDAD5-B725-4288-BDA1-31032B843E43}.Debug|x64.Build.0 = Debug|x64
		{5F0CDAD5-B725-4288-BDA1-31032B843E43}.Debug|x86.ActiveCfg = Debug|Win32
		{5F0CDAD5-B725-4288-BDA1-31032B843E43}.Debug|x86.Build.0 = Debug|Win32
		{5F0CDAD5-B725-4288-BDA1-31032B843E43}.Release|x64.ActiveCfg = Release|x64
		{5F0CDAD5-B725-4288-BDA1-31032B843E43}.Release|x64.Build.0 = Release|x64
		{5F0CDAD5-B725-4288-BDA1-31032B843E43}.Release|x86.ActiveCfg = Release|Win32
		{5F0CDAD5-B725-4288-BDA1-31032B843E43}.Release|x86.Build.0 = Release|Win32
		{3D862B54-99E8-44C3-85F8-DE6072580000}.Debug|x64.ActiveCfg = Debug|x64
		{3D862B54-99E8-44C3-85F8-DE6072580000}.Debug|x64.Build.0 = Debug|x64
		{3D862B54-99E8-44C3-85F8-DE6072580000}.Debug|x86.ActiveCfg = Debug|Win32
		{3D862B54-99E8-44C3-85F8-DE6072580000}.Debug|x86.Build.0 = Debug|Win32
		{3D862B54-99E8-44C3-85F8-DE6072580000}.Release|x64.ActiveCfg = Release|x64
		{3D862B54-99E8-44C3-85F8-DE6072580000}.Release|x64.Build.0 = Release|x64
		{3D862B54-99E8-44C3-85F8-DE6072580000}.Release|x86.ActiveCfg = Release|Win32
		{3D862B54-99E8-44C3-85F8-DE6072580000}.Release|x86.Build.0 = Release|Win32
		{BE4D3FB5-27E2-4DCE-8F8A-AFEBF75742AF}.Debug|x64.ActiveCfg = Debug|x64
		{BE4D3FB5-27E2-4DCE-8F8A-AFEBF75742AF}.Debug|x64.Build.0 = Debug|x64
		{BE4D3FB5-27E2-4DCE-8F8A-AFEBF75742AF}.Debug|x86.ActiveCfg = Debug|Win32
		{BE4D3FB5-27E2-4DCE-8F8A-AFEBF75742AF}.Debug|x86.Build.0 = Debug|Win32
		{BE4D3FB5-27E2-4DCE-8F8A-AFEBF75742AF}.Release|x64.ActiveCfg = Release|x64
		{BE4D3FB5-27E2-4DCE-8F8A-AFEBF75742AF}.Release|x64.Build.0 = Release|x64
		{BE4D3FB5-27E2-4DCE-8F8A-AFEBF75742AF}.Release|x86.ActiveCfg = Release|Win32
		{BE4D3FB5-27E2-4DCE-8F8A-AFEBF75742AF}.Release|x86.Build.0 = Release|Win32
		{A6D5093A-5C00-487D-A800-165E3B49D530}.Debug|x64.ActiveCfg = Debug|x64
		{A6D5093A-5C00-487D-A800-165E3B49D530}.Debug|x64.Build.0 = Debug|x64
		{A6D5093A-5C00-487D-A800-165E3B49D530}.Debug|x86.ActiveCfg = Debug|Win32
		{A6D5093A-5C00-487D-A800-165E3B49D530}.Debug|x86.Build.0 = Debug|Win32
		{A6D5093A-5C00-487D-A800-165E3B49D530}.Release|x64.ActiveCfg = Release|x64
		{A6D5093A-5C00-487D-A800-165E3B49D530}.Release|x64.Build.0 = Release|x64
		{A6D5093A-5C00-487D-A800-165E3B49D530}.Release|x86.ActiveCfg = Release|Win32
		{A6D5093A-5C00-487D-A800-165E3B49D530}.Release|x86.Build.0 = Release|Win32
		{5A2FEE49-BCBF-4FCA-A922-ACC4E6C71CC8}.Debug|x64.ActiveCfg = Debug|x64
		{5A2FEE49-BCBF-4FCA-A922-ACC4E6C71CC8}.Debug|x64.Build.0 = Debug|x64
		{5A2FEE49-BCBF-4FCA-A922-ACC4E6C71CC8}.Debug|x86.ActiveCfg = Debug|Win32
		{5A2FEE49-BCBF-4FCA-A922-ACC4E6C71CC8}.Debug|x86.Build.0 = Debug|Win32
		{5A2FEE49-BCBF-4FCA-A922-ACC4E6C71CC8}.Release|x64.ActiveCfg = Release|x64
		{5A2FEE49-BCBF-4FCA-A922-ACC4E6C71CC8}.Release|x64.Build.0 = Release|x64
		{5A2FEE49-BCBF-4FCA-A922-ACC4E6C71CC8}.Release|x86.ActiveCfg = Release|Win32
		{5A2FEE49-BCBF-4FCA-A922-ACC4E6C71CC8}.Release|x86.Build.0 = Release|Win32
		{8AED9551-C234-4E52-9D54-B92BF1A0B62F}.Debug|x64.ActiveCfg = Debug|x64
		{8AED9551-C234-4E52-9D54-B92BF1A0B62F}.Debug|x64.Build.0 = Debug|x64
		{8AED9551-C234-4E52-9D54-B92BF1A0B62F}.Debug|x86.ActiveCfg = Debug|Win32
		{8AED9551-C234-4E52-9D54-B92BF1A0B62F}.Debug|x86.Build.0 = Debug|Win32
		{8AED9551-C234-4E52-9D54-B92BF1A0B62F}.Release|x64.ActiveCfg = Release|x64
		{8AED9551-C234-4E52-9D54-B92BF1A0B62F}.Release|x64.Build.0 = Release|x64
		{8AED9551-C234-4E52-9D54-B92BF1A0B62F}.Release|x86.ActiveCfg = Release|Win32
		{8AED9551-C234-4E52-9D54-B92BF1A0B62F}.Release|x86.Build.0 = Release|Win32
		{9E4B7C6A-F593-49F8-AE70-4BDDBAF90D26}.Debug|x64.ActiveCfg = Debug|x64
		{9E4B7C6A-F593-49F8-AE70-4BDDBAF90D26}.Debug|x64.Build.0 = Debug|x64
		{9E4B7C6A-F593-49F8-AE70-4BDDBAF90D26}.Debug|x86.ActiveCfg = Debug|Win32
		{9E4B7C6A-F593-49F8-AE70-4BDDBAF90D26}.Debug|x86.Build.0 = Debug|Win32
		{9E4B7C6A-F593-49F8-AE70-4BDDBAF90D26}.Release|x64.ActiveCfg = Release|x64
		{9E4B7C6A-F593-49F8-AE70-4BDDBAF90D26}.Release|x64.Build.0 = Release|x64
		{9E4B7C6A-F593-49F8-AE70-4BDDBAF90D26}.Release|x86.ActiveCfg = Release|Win32
		{9E4B7C6A-F593-49F8-AE70-4BDDBAF90D26}.Release|x86.Build.0 = Release|Win32
		{643FE831-7E40-4575-988F-9768F3993C63}.Debug|x64.ActiveCfg = Debug|x64
		{643FE831-7E40-4575-988F-9768F3993C63}.Debug|x64.Build.0 = Debug|x64
		{643FE831-7E40-4575-988F-9768F3993C63}.Debug|x86.ActiveCfg = Debug|Win32
		{643FE831-7E40-4575-988F-9768F3993C63}.Debug|x86.Build.0 = Debug|Win32
		{643FE831-7E40-4575-988F-9768F3993C63}.Release|x64.ActiveCfg = Release|x64
		{643FE831-7E40-4575-988F-9768F3993C63}.Release|x64.Build.0 = Release|x64
		{643FE831-7E40-4575-988F-9768F3993C63}.Release|x86.ActiveCfg = Release|Win32
		{643FE831-7E40-4575-988F-9768F3993C63}.Release|x86.Build.0 = Release|Win32
		{EDE3662F-CF98-4ACF-AEB0-761DBE5271A3}.Debug|x64.ActiveCfg = Debug|x64
		{EDE3662F-CF98-4ACF-AEB0-761DBE5271A3}.Debug|x64.Build.0 = Debug|x64
		{EDE3662F-CF98-4ACF-AEB0-761DBE5271A3}.Debug|x86.ActiveCfg = Debug|Win32
		{EDE3662F-CF98-4ACF-AEB0-761DBE5271A3}.Debug|x86.Build.0 = Debug|Win32
		{EDE3662F-CF98-4ACF-AEB0-761DBE5271A3}.Release|x64.ActiveCfg = Release|x64
		{EDE3662F-CF98-4ACF-AEB0-761DBE5271A3}.Release|x64.Build.0 = Release|x64
		{EDE3662F-CF98-4ACF-AEB0-761DBE5271A3}.Release|x86.ActiveCfg = Release|Win32
		{EDE3662F-CF98-4ACF-AEB0-761DBE5271A3}.Release|x86.Build.0 = Release|Win32
		{EC0CE84C-B346-43BD-AEA6-9D49E9F33BC3}.Debug|x64.ActiveCfg = Debug|x64
		{EC0CE84C-B346-43BD-AEA6-9D49E9F33BC3}.Debug|x64.Build.0 = Debug|x64
		{EC0CE84C-B346-43BD-AEA6-9D49E9F33BC3}.Debug|x86.ActiveCfg = Debug|Win32
		{EC0CE84C-B346-43BD-AEA6-9D49E9F33BC3}.Debug|x86.Build.0 = Debug|Win32
		{EC0CE84C-B346-43BD-AEA6-9D49E9F33BC3}.Release|x64.ActiveCfg = Release|x64
		{EC0CE84C-B346-43BD-AEA6-9D49E9F33BC3}.Release|x64.Build.0 = Release|x64
		{EC0CE84C-B346-43BD-AEA6-9D49E9F33BC3}.Release|x86.ActiveCfg = Release|Win32
		{EC0CE84C-B346-43BD-AEA6-9D49E9F33BC3}.Release|x86.Build.0 = Release|Win32
		{BF933DBB-020E-415B-A25C-67FEE3B6216F}.Debug|x64.ActiveCfg = Debug|x64
		{BF933DBB-020E-415B-A25C-67FEE3B6216F}.Debug|x64.Build.0 = Debug|x64
		{BF933DBB-020E-415B-A25C-67FEE3B6216F}.Debug|x86.ActiveCfg = Debug|Win32
		{BF933DBB-020E-415B-A25C-67FEE3B6216F}.Debug|x86.Build.0 = Debug|Win32
		{BF933DBB-020E-415B-A25C-67FEE3B6216F}.Release|x64.ActiveCfg = Release|x64
		{BF933DBB-020E-415B-A25C-67FEE3B6216F}.Release|x64.Build.0 = Release|x64
		{BF933DBB-020E-415B-A25C-67FEE3B6216F}.Release|x86.ActiveCfg = Release|Win32
		{BF933DBB-020E-415B-A25C-67FEE3B6216F}.Release|x86.Build.0 = Release|Win32
		{AB5EB037-1502-4B9F-970D-B45014862456}.Debug|x64.ActiveCfg = Debug|x64
		{AB5EB037-1502-4B9F-970D-B45014862456}.Debug|x64.Build.0 = Debug|x64
		{AB5EB037-1502-4B9F-970D-B45014862456}.Debug|x86.ActiveCfg = Debug|Win32
		{AB5EB037-1502-4B9F-970D-B45014862456}.Debug|x86.Build.0 = Debug|Win32
		{AB5EB037-1502-4B9F-970D-B45014862456}.Release|x64.ActiveCfg = Release|x64
		{AB5EB037-1502-4B9F-970D-B45014862456}.Release|x64.Build.0 = Release|x64
		{AB5EB037-1502-4B9F-970D-B45014862456}.Release|x86.ActiveCfg = Release|Win32
		{AB5EB037-1502-4B9F-970D-B45014862456}.Release|x86.Build.0 = Release|Win32
	EndGlobalSection
	GlobalSection(SolutionProperties) = preSolution
		HideSolutionNode = FALSE
	EndGlobalSection
	GlobalSection(NestedProjects) = preSolution
		{7302C10F-CADB-4D2F-B3A3-5B38B30AB818} = {19D4CC99-1801-4389-AFEA-741D9306F66F}
		{8159B078-29F0-4AE3-9D4D-5D4A266EDF10} = {19D4CC99-1801-4389-AFEA-741D9306F66F}
		{1FCA5CAC-C5AE-4234-BCBE-46758FC6AE8F} = {19D4CC99-1801-4389-AFEA-741D9306F66F}
		{2F5BD37A-7A41-4747-AD20-4BEAA8A221C4} = {19D4CC99-1801-4389-AFEA-741D9306F66F}
		{B75AE480-F750-427F-898E-D2092EE3492A} = {19D4CC99-1801-4389-AFEA-741D9306F66F}
		{E874D449-B8A1-4AB3-91F7-3CB8F0107C9E} = {19D4CC99-1801-4389-AFEA-741D9306F66F}
		{5F0CDAD5-B725-4288-BDA1-31032B843E43} = {19D4CC99-1801-4389-AFEA-741D9306F66F}
		{3D862B54-99E8-44C3-85F8-DE6072580000} = {A47F1618-7F5A-4A2F-99EF-F7C383223949}
		{BE4D3FB5-27E2-4DCE-8F8A-AFEBF75742AF} = {5874A3B7-9A40-4225-8178-F8D2B71883E1}
		{A6D5093A-5C00-487D-A800-165E3B49D530} = {74DEC101-7BA9-47B7-B25C-74ED696384C8}
		{5A2FEE49-BCBF-4FCA-A922-ACC4E6C71CC8} = {93AFBD1C-E6E9-4E8D-B784-A2CCB9913169}
		{8AED9551-C234-4E52-9D54-B92BF1A0B62F} = {5509D6A8-2315-40A0-879D-DAE7BAC11B9B}
		{9E4B7C6A-F593-49F8-AE70-4BDDBAF90D26} = {74408FBB-6BE6-4F2E-920D-08BB791E45CC}
		{643FE831-7E40-4575-988F-9768F3993C63} = {4E3E127B-8B08-4235-A379-86C9949061E9}
		{EDE3662F-CF98-4ACF-AEB0-761DBE5271A3} = {A49752B9-19FA-4FB4-B7FE-7B15B5F4271C}
		{EC0CE84C-B346-43BD-AEA6-9D49E9F33BC3} = {65E48508-5AF8-4071-B2EA-4FE23293EA88}
		{BF933DBB-020E-415B-A25C-67FEE3B6216F} = {A47F1618-7F5A-4A2F-99EF-F7C383223949}
		{AB5EB037-1502-4B9F-970D-B45014862456} = {A47F1618-7F5A-4A2F-99EF-F7C383223949}
	EndGlobalSection
	GlobalSection(ExtensibilityGlobals) = postSolution
		SolutionGuid = {1E18F2F7-AE1E-44BD-938C-A33ED008F677}
	EndGlobalSection
EndGlobal
